# This file was autogenerated by Stack.
# You should not edit this file by hand.
# For more information, please see the documentation at:
#   https://docs.haskellstack.org/en/stable/lock_files

packages:
- completed:
    subdir: bindings/haskell
    name: keystone
    version: 0.1.1.0
    git: https://github.com/raehik/keystone
    pantry-tree:
      size: 1195
      sha256: 67bfd53a71a4258b77c432343acd855f913788a60e6d14d88a5802317cb2083c
    commit: 93f1939eb08104f26b86cb9e8f4406808dd6c89d
  original:
    subdir: bindings/haskell
    git: https://github.com/raehik/keystone
    commit: 93f1939eb08104f26b86cb9e8f4406808dd6c89d
- completed:
    hackage: blake3-0.2@sha256:d1146b9a51ccfbb0532780778b6d016a614e3d44c05d8c1923dde9a8be869045,2448
    pantry-tree:
      size: 1433
      sha256: 0264ef3e7919e7b0d668c4153f6ce0d88e6965626b52d9dfd2cafd70309501d3
  original:
    hackage: blake3-0.2@sha256:d1146b9a51ccfbb0532780778b6d016a614e3d44c05d8c1923dde9a8be869045,2448
snapshots:
- completed:
    size: 539378
    url: https://raw.githubusercontent.com/commercialhaskell/stackage-snapshots/master/nightly/2022/3/30.yaml
    sha256: 745431a4c5b78cc93d81e99b2253a1e0eacd4f94e00cf17dab7cc14e665332e3
  original: nightly-2022-03-30
